// !$*UTF8*$!
{
	archiveVersion = 1;
	classes = {
	};
	objectVersion = 48;
	objects = {

/* Begin PBXBuildFile section */
		EADB4A4C1FBCE04300C2450E /* AppDelegate.swift in Sources */ = {isa = PBXBuildFile; fileRef = EADB4A4B1FBCE04300C2450E /* AppDelegate.swift */; };
		EADB4A4E1FBCE04300C2450E /* ViewController.swift in Sources */ = {isa = PBXBuildFile; fileRef = EADB4A4D1FBCE04300C2450E /* ViewController.swift */; };
		EADB4A511FBCE04300C2450E /* Main.storyboard in Resources */ = {isa = PBXBuildFile; fileRef = EADB4A4F1FBCE04300C2450E /* Main.storyboard */; };
		EADB4A531FBCE04300C2450E /* Assets.xcassets in Resources */ = {isa = PBXBuildFile; fileRef = EADB4A521FBCE04300C2450E /* Assets.xcassets */; };
		EADB4A561FBCE04300C2450E /* LaunchScreen.storyboard in Resources */ = {isa = PBXBuildFile; fileRef = EADB4A541FBCE04300C2450E /* LaunchScreen.storyboard */; };
		EADB4A5E1FBCE8F200C2450E /* GoogleMobileAds.framework in Frameworks */ = {isa = PBXBuildFile; fileRef = EADB4A5D1FBCE8F200C2450E /* GoogleMobileAds.framework */; };
/* End PBXBuildFile section */

/* Begin PBXFileReference section */
		EADB4A481FBCE04300C2450E /* in-app-purchases.app */ = {isa = PBXFileReference; explicitFileType = wrapper.application; includeInIndex = 0; path = "in-app-purchases.app"; sourceTree = BUILT_PRODUCTS_DIR; };
		EADB4A4B1FBCE04300C2450E /* AppDelegate.swift */ = {isa = PBXFileReference; lastKnownFileType = sourcecode.swift; path = AppDelegate.swift; sourceTree = "<group>"; };
		EADB4A4D1FBCE04300C2450E /* ViewController.swift */ = {isa = PBXFileReference; lastKnownFileType = sourcecode.swift; path = ViewController.swift; sourceTree = "<group>"; };
		EADB4A501FBCE04300C2450E /* Base */ = {isa = PBXFileReference; lastKnownFileType = file.storyboard; name = Base; path = Base.lproj/Main.storyboard; sourceTree = "<group>"; };
		EADB4A521FBCE04300C2450E /* Assets.xcassets */ = {isa = PBXFileReference; lastKnownFileType = folder.assetcatalog; path = Assets.xcassets; sourceTree = "<group>"; };
		EADB4A551FBCE04300C2450E /* Base */ = {isa = PBXFileReference; lastKnownFileType = file.storyboard; name = Base; path = Base.lproj/LaunchScreen.storyboard; sourceTree = "<group>"; };
		EADB4A571FBCE04300C2450E /* Info.plist */ = {isa = PBXFileReference; lastKnownFileType = text.plist.xml; path = Info.plist; sourceTree = "<group>"; };
		EADB4A5D1FBCE8F200C2450E /* GoogleMobileAds.framework */ = {isa = PBXFileReference; lastKnownFileType = wrapper.framework; path = GoogleMobileAds.framework; sourceTree = "<group>"; };
/* End PBXFileReference section */

/* Begin PBXFrameworksBuildPhase section */
		EADB4A451FBCE04300C2450E /* Frameworks */ = {
			isa = PBXFrameworksBuildPhase;
			buildActionMask = 2147483647;
			files = (
				EADB4A5E1FBCE8F200C2450E /* GoogleMobileAds.framework in Frameworks */,
			);
			runOnlyForDeploymentPostprocessing = 0;
		};
/* End PBXFrameworksBuildPhase section */

/* Begin PBXGroup section */
		EADB4A3F1FBCE04200C2450E = {
			isa = PBXGroup;
			children = (
				EADB4A4A1FBCE04300C2450E /* in-app-purchases */,
				EADB4A491FBCE04300C2450E /* Products */,
			);
			sourceTree = "<group>";
		};
		EADB4A491FBCE04300C2450E /* Products */ = {
			isa = PBXGroup;
			children = (
				EADB4A481FBCE04300C2450E /* in-app-purchases.app */,
			);
			name = Products;
			sourceTree = "<group>";
		};
		EADB4A4A1FBCE04300C2450E /* in-app-purchases */ = {
			isa = PBXGroup;
			children = (
				EADB4A5D1FBCE8F200C2450E /* GoogleMobileAds.framework */,
				EADB4A4B1FBCE04300C2450E /* AppDelegate.swift */,
				EADB4A4D1FBCE04300C2450E /* ViewController.swift */,
				EADB4A4F1FBCE04300C2450E /* Main.storyboard */,
				EADB4A521FBCE04300C2450E /* Assets.xcassets */,
				EADB4A541FBCE04300C2450E /* LaunchScreen.storyboard */,
				EADB4A571FBCE04300C2450E /* Info.plist */,
			);
			path = "in-app-purchases";
			sourceTree = "<group>";
		};
/* End PBXGroup section */

/* Begin PBXNativeTarget section */
		EADB4A471FBCE04300C2450E /* in-app-purchases */ = {
			isa = PBXNativeTarget;
			buildConfigurationList = EADB4A5A1FBCE04300C2450E /* Build configuration list for PBXNativeTarget "in-app-purchases" */;
			buildPhases = (
				EADB4A441FBCE04300C2450E /* Sources */,
				EADB4A451FBCE04300C2450E /* Frameworks */,
				EADB4A461FBCE04300C2450E /* Resources */,
			);
			buildRules = (
			);
			dependencies = (
			);
			name = "in-app-purchases";
			productName = "in-app-purchases";
			productReference = EADB4A481FBCE04300C2450E /* in-app-purchases.app */;
			productType = "com.apple.product-type.application";
		};
/* End PBXNativeTarget section */

/* Begin PBXProject section */
		EADB4A401FBCE04200C2450E /* Project object */ = {
			isa = PBXProject;
			attributes = {
				LastSwiftUpdateCheck = 0910;
				LastUpgradeCheck = 0910;
				ORGANIZATIONNAME = "Marcin Pietrzak";
				TargetAttributes = {
					EADB4A471FBCE04300C2450E = {
						CreatedOnToolsVersion = 9.1;
						ProvisioningStyle = Automatic;
					};
				};
			};
			buildConfigurationList = EADB4A431FBCE04200C2450E /* Build configuration list for PBXProject "in-app-purchases" */;
			compatibilityVersion = "Xcode 8.0";
			developmentRegion = en;
			hasScannedForEncodings = 0;
			knownRegions = (
				en,
				Base,
			);
			mainGroup = EADB4A3F1FBCE04200C2450E;
			productRefGroup = EADB4A491FBCE04300C2450E /* Products */;
			projectDirPath = "";
			projectRoot = "";
			targets = (
				EADB4A471FBCE04300C2450E /* in-app-purchases */,
			);
		};
/* End PBXProject section */

/* Begin PBXResourcesBuildPhase section */
		EADB4A461FBCE04300C2450E /* Resources */ = {
			isa = PBXResourcesBuildPhase;
			buildActionMask = 2147483647;
			files = (
				EADB4A561FBCE04300C2450E /* LaunchScreen.storyboard in Resources */,
				EADB4A531FBCE04300C2450E /* Assets.xcassets in Resources */,
				EADB4A511FBCE04300C2450E /* Main.storyboard in Resources */,
			);
			runOnlyForDeploymentPostprocessing = 0;
		};
/* End PBXResourcesBuildPhase section */

/* Begin PBXSourcesBuildPhase section */
		EADB4A441FBCE04300C2450E /* Sources */ = {
			isa = PBXSourcesBuildPhase;
			buildActionMask = 2147483647;
			files = (
				EADB4A4E1FBCE04300C2450E /* ViewController.swift in Sources */,
				EADB4A4C1FBCE04300C2450E /* AppDelegate.swift in Sources */,
			);
			runOnlyForDeploymentPostprocessing = 0;
		};
/* End PBXSourcesBuildPhase section */

/* Begin PBXVariantGroup section */
		EADB4A4F1FBCE04300C2450E /* Main.storyboard */ = {
			isa = PBXVariantGroup;
			children = (
				EADB4A501FBCE04300C2450E /* Base */,
			);
			name = Main.storyboard;
			sourceTree = "<group>";
		};
		EADB4A541FBCE04300C2450E /* LaunchScreen.storyboard */ = {
			isa = PBXVariantGroup;
			children = (
				EADB4A551FBCE04300C2450E /* Base */,
			);
			name = LaunchScreen.storyboard;
			sourceTree = "<group>";
		};
/* End PBXVariantGroup section */

/* Begin XCBuildConfiguration section */
		EADB4A581FBCE04300C2450E /* Debug */ = {
			isa = XCBuildConfiguration;
			buildSettings = {
				ALWAYS_SEARCH_USER_PATHS = NO;
				CLANG_ANALYZER_NONNULL = YES;
				CLANG_ANALYZER_NUMBER_OBJECT_CONVERSION = YES_AGGRESSIVE;
				CLANG_CXX_LANGUAGE_STANDARD = "gnu++14";
				CLANG_CXX_LIBRARY = "libc++";
				CLANG_ENABLE_MODULES = YES;
				CLANG_ENABLE_OBJC_ARC = YES;
				CLANG_WARN_BLOCK_CAPTURE_AUTORELEASING = YES;
				CLANG_WARN_BOOL_CONVERSION = YES;
				CLANG_WARN_COMMA = YES;
				CLANG_WARN_CONSTANT_CONVERSION = YES;
				CLANG_WARN_DIRECT_OBJC_ISA_USAGE = YES_ERROR;
				CLANG_WARN_DOCUMENTATION_COMMENTS = YES;
				CLANG_WARN_EMPTY_BODY = YES;
				CLANG_WARN_ENUM_CONVERSION = YES;
				CLANG_WARN_INFINITE_RECURSION = YES;
				CLANG_WARN_INT_CONVERSION = YES;
				CLANG_WARN_NON_LITERAL_NULL_CONVERSION = YES;
				CLANG_WARN_OBJC_LITERAL_CONVERSION = YES;
				CLANG_WARN_OBJC_ROOT_CLASS = YES_ERROR;
				CLANG_WARN_RANGE_LOOP_ANALYSIS = YES;
				CLANG_WARN_STRICT_PROTOTYPES = YES;
				CLANG_WARN_SUSPICIOUS_MOVE = YES;
				CLANG_WARN_UNGUARDED_AVAILABILITY = YES_AGGRESSIVE;
				CLANG_WARN_UNREACHABLE_CODE = YES;
				CLANG_WARN__DUPLICATE_METHOD_MATCH = YES;
				CODE_SIGN_IDENTITY = "iPhone Developer";
				COPY_PHASE_STRIP = NO;
				DEBUG_INFORMATION_FORMAT = dwarf;
				ENABLE_STRICT_OBJC_MSGSEND = YES;
				ENABLE_TESTABILITY = YES;
				GCC_C_LANGUAGE_STANDARD = gnu11;
				GCC_DYNAMIC_NO_PIC = NO;
				GCC_NO_COMMON_BLOCKS = YES;
				GCC_OPTIMIZATION_LEVEL = 0;
				GCC_PREPROCESSOR_DEFINITIONS = (
					"DEBUG=1",
					"$(inherited)",
				);
				GCC_WARN_64_TO_32_BIT_CONVERSION = YES;
				GCC_WARN_ABOUT_RETURN_TYPE = YES_ERROR;
				GCC_WARN_UNDECLARED_SELECTOR = YES;
				GCC_WARN_UNINITIALIZED_AUTOS = YES_AGGRESSIVE;
				GCC_WARN_UNUSED_FUNCTION = YES;
				GCC_WARN_UNUSED_VARIABLE = YES;
				IPHONEOS_DEPLOYMENT_TARGET = 11.1;
				MTL_ENABLE_DEBUG_INFO = YES;
				ONLY_ACTIVE_ARCH = YES;
				SDKROOT = iphoneos;
				SWIFT_ACTIVE_COMPILATION_CONDITIONS = DEBUG;
				SWIFT_OPTIMIZATION_LEVEL = "-Onone";
			};
			name = Debug;
		};
		EADB4A591FBCE04300C2450E /* Release */ = {
			isa = XCBuildConfiguration;
			buildSettings = {
				ALWAYS_SEARCH_USER_PATHS = NO;
				CLANG_ANALYZER_NONNULL = YES;
				CLANG_ANALYZER_NUMBER_OBJECT_CONVERSION = YES_AGGRESSIVE;
				CLANG_CXX_LANGUAGE_STANDARD = "gnu++14";
				CLANG_CXX_LIBRARY = "libc++";
				CLANG_ENABLE_MODULES = YES;
				CLANG_ENABLE_OBJC_ARC = YES;
				CLANG_WARN_BLOCK_CAPTURE_AUTORELEASING = YES;
				CLANG_WARN_BOOL_CONVERSION = YES;
				CLANG_WARN_COMMA = YES;
				CLANG_WARN_CONSTANT_CONVERSION = YES;
				CLANG_WARN_DIRECT_OBJC_ISA_USAGE = YES_ERROR;
				CLANG_WARN_DOCUMENTATION_COMMENTS = YES;
				CLANG_WARN_EMPTY_BODY = YES;
				CLANG_WARN_ENUM_CONVERSION = YES;
				CLANG_WARN_INFINITE_RECURSION = YES;
				CLANG_WARN_INT_CONVERSION = YES;
				CLANG_WARN_NON_LITERAL_NULL_CONVERSION = YES;
				CLANG_WARN_OBJC_LITERAL_CONVERSION = YES;
				CLANG_WARN_OBJC_ROOT_CLASS = YES_ERROR;
				CLANG_WARN_RANGE_LOOP_ANALYSIS = YES;
				CLANG_WARN_STRICT_PROTOTYPES = YES;
				CLANG_WARN_SUSPICIOUS_MOVE = YES;
				CLANG_WARN_UNGUARDED_AVAILABILITY = YES_AGGRESSIVE;
				CLANG_WARN_UNREACHABLE_CODE = YES;
				CLANG_WARN__DUPLICATE_METHOD_MATCH = YES;
				CODE_SIGN_IDENTITY = "iPhone Developer";
				COPY_PHASE_STRIP = NO;
				DEBUG_INFORMATION_FORMAT = "dwarf-with-dsym";
				ENABLE_NS_ASSERTIONS = NO;
				ENABLE_STRICT_OBJC_MSGSEND = YES;
				GCC_C_LANGUAGE_STANDARD = gnu11;
				GCC_NO_COMMON_BLOCKS = YES;
				GCC_WARN_64_TO_32_BIT_CONVERSION = YES;
				GCC_WARN_ABOUT_RETURN_TYPE = YES_ERROR;
				GCC_WARN_UNDECLARED_SELECTOR = YES;
				GCC_WARN_UNINITIALIZED_AUTOS = YES_AGGRESSIVE;
				GCC_WARN_UNUSED_FUNCTION = YES;
				GCC_WARN_UNUSED_VARIABLE = YES;
				IPHONEOS_DEPLOYMENT_TARGET = 11.1;
				MTL_ENABLE_DEBUG_INFO = NO;
				SDKROOT = iphoneos;
				SWIFT_OPTIMIZATION_LEVEL = "-Owholemodule";
				VALIDATE_PRODUCT = YES;
			};
			name = Release;
		};
		EADB4A5B1FBCE04300C2450E /* Debug */ = {
			isa = XCBuildConfiguration;
			buildSettings = {
				ASSETCATALOG_COMPILER_APPICON_NAME = AppIcon;
				CODE_SIGN_STYLE = Automatic;
				DEVELOPMENT_TEAM = KZM8JH55Z4;
				FRAMEWORK_SEARCH_PATHS = (
					"$(inherited)",
					"$(PROJECT_DIR)/in-app-purchases",
				);
				INFOPLIST_FILE = "in-app-purchases/Info.plist";
				LD_RUNPATH_SEARCH_PATHS = "$(inherited) @executable_path/Frameworks";
				PRODUCT_BUNDLE_IDENTIFIER = "com.swiftarcher.in-app-purchases";
				PRODUCT_NAME = "$(TARGET_NAME)";
				SWIFT_VERSION = 4.0;
				TARGETED_DEVICE_FAMILY = "1,2";
			};
			name = Debug;
		};
		EADB4A5C1FBCE04300C2450E /* Release */ = {
			isa = XCBuildConfiguration;
			buildSettings = {
				ASSETCATALOG_COMPILER_APPICON_NAME = AppIcon;
				CODE_SIGN_STYLE = Automatic;
				DEVELOPMENT_TEAM = KZM8JH55Z4;
				FRAMEWORK_SEARCH_PATHS = (
					"$(inherited)",
					"$(PROJECT_DIR)/in-app-purchases",
				);
				INFOPLIST_FILE = "in-app-purchases/Info.plist";
				LD_RUNPATH_SEARCH_PATHS = "$(inherited) @executable_path/Frameworks";
				PRODUCT_BUNDLE_IDENTIFIER = "com.swiftarcher.in-app-purchases";
				PRODUCT_NAME = "$(TARGET_NAME)";
				SWIFT_VERSION = 4.0;
				TARGETED_DEVICE_FAMILY = "1,2";
			};
			name = Release;
		};
/* End XCBuildConfiguration section */

/* Begin XCConfigurationList section */
		EADB4A431FBCE04200C2450E /* Build configuration list for PBXProject "in-app-purchases" */ = {
			isa = XCConfigurationList;
			buildConfigurations = (
				EADB4A581FBCE04300C2450E /* Debug */,
				EADB4A591FBCE04300C2450E /* Release */,
			);
			defaultConfigurationIsVisible = 0;
			defaultConfigurationName = Release;
		};
		EADB4A5A1FBCE04300C2450E /* Build configuration list for PBXNativeTarget "in-app-purchases" */ = {
			isa = XCConfigurationList;
			buildConfigurations = (
				EADB4A5B1FBCE04300C2450E /* Debug */,
				EADB4A5C1FBCE04300C2450E /* Release */,
			);
			defaultConfigurationIsVisible = 0;
			defaultConfigurationName = Release;
		};
/* End XCConfigurationList section */
	};
	rootObject = EADB4A401FBCE04200C2450E /* Project object */;
}
